
Microsoft Visual Studio Solution File, Format Version 12.00
# Visual Studio Version 17
VisualStudioVersion = 17.3.32811.315
MinimumVisualStudioVersion = 10.0.40219.1
Project("{9A19103F-16F7-4668-BE54-9A1E7A4F7556}") = "AVLTree", "AVLTree\AVLTree.csproj", "{3D7428E1-417A-4760-AC78-7E8453E6796C}"
EndProject
Project("{9A19103F-16F7-4668-BE54-9A1E7A4F7556}") = "AVLTree.Tests", "AVLTree.Tests\AVLTree.Tests.csproj", "{0ED57B00-7A10-4CD1-9394-47E38E68E3CE}"
EndProject
Project("{9A19103F-16F7-4668-BE54-9A1E7A4F7556}") = "RedBlackTree.Tests", "RedBlackTree.Tests\RedBlackTree.Tests.csproj", "{FA5D1A0A-63ED-4AE7-8362-DC00569786A3}"
EndProject
Project("{9A19103F-16F7-4668-BE54-9A1E7A4F7556}") = "RedBlackTree", "RedBlackTree\RedBlackTree.csproj", "{647C9BE9-5A83-4AE6-80CB-B752BAB4884E}"
EndProject
Project("{9A19103F-16F7-4668-BE54-9A1E7A4F7556}") = "AATree", "AATree\AATree.csproj", "{81E8E139-A006-44D0-A238-2D78C55A50A3}"
EndProject
Project("{9A19103F-16F7-4668-BE54-9A1E7A4F7556}") = "AATree.Tests", "AATree.Tests\AATree.Tests.csproj", "{2A20F678-6BC0-4301-9AB8-46C753EC91AD}"
EndProject
Global
	GlobalSection(SolutionConfigurationPlatforms) = preSolution
		Debug|Any CPU = Debug|Any CPU
		Release|Any CPU = Release|Any CPU
	EndGlobalSection
	GlobalSection(ProjectConfigurationPlatforms) = postSolution
		{3D7428E1-417A-4760-AC78-7E8453E6796C}.Debug|Any CPU.ActiveCfg = Debug|Any CPU
		{3D7428E1-417A-4760-AC78-7E8453E6796C}.Debug|Any CPU.Build.0 = Debug|Any CPU
		{3D7428E1-417A-4760-AC78-7E8453E6796C}.Release|Any CPU.ActiveCfg = Release|Any CPU
		{3D7428E1-417A-4760-AC78-7E8453E6796C}.Release|Any CPU.Build.0 = Release|Any CPU
		{0ED57B00-7A10-4CD1-9394-47E38E68E3CE}.Debug|Any CPU.ActiveCfg = Debug|Any CPU
		{0ED57B00-7A10-4CD1-9394-47E38E68E3CE}.Debug|Any CPU.Build.0 = Debug|Any CPU
		{0ED57B00-7A10-4CD1-9394-47E38E68E3CE}.Release|Any CPU.ActiveCfg = Release|Any CPU
		{0ED57B00-7A10-4CD1-9394-47E38E68E3CE}.Release|Any CPU.Build.0 = Release|Any CPU
		{FA5D1A0A-63ED-4AE7-8362-DC00569786A3}.Debug|Any CPU.ActiveCfg = Debug|Any CPU
		{FA5D1A0A-63ED-4AE7-8362-DC00569786A3}.Debug|Any CPU.Build.0 = Debug|Any CPU
		{FA5D1A0A-63ED-4AE7-8362-DC00569786A3}.Release|Any CPU.ActiveCfg = Release|Any CPU
		{FA5D1A0A-63ED-4AE7-8362-DC00569786A3}.Release|Any CPU.Build.0 = Release|Any CPU
		{647C9BE9-5A83-4AE6-80CB-B752BAB4884E}.Debug|Any CPU.ActiveCfg = Debug|Any CPU
		{647C9BE9-5A83-4AE6-80CB-B752BAB4884E}.Debug|Any CPU.Build.0 = Debug|Any CPU
		{647C9BE9-5A83-4AE6-80CB-B752BAB4884E}.Release|Any CPU.ActiveCfg = Release|Any CPU
		{647C9BE9-5A83-4AE6-80CB-B752BAB4884E}.Release|Any CPU.Build.0 = Release|Any CPU
		{81E8E139-A006-44D0-A238-2D78C55A50A3}.Debug|Any CPU.ActiveCfg = Debug|Any CPU
		{81E8E139-A006-44D0-A238-2D78C55A50A3}.Debug|Any CPU.Build.0 = Debug|Any CPU
		{81E8E139-A006-44D0-A238-2D78C55A50A3}.Release|Any CPU.ActiveCfg = Release|Any CPU
		{81E8E139-A006-44D0-A238-2D78C55A50A3}.Release|Any CPU.Build.0 = Release|Any CPU
		{2A20F678-6BC0-4301-9AB8-46C753EC91AD}.Debug|Any CPU.ActiveCfg = Debug|Any CPU
		{2A20F678-6BC0-4301-9AB8-46C753EC91AD}.Debug|Any CPU.Build.0 = Debug|Any CPU
		{2A20F678-6BC0-4301-9AB8-46C753EC91AD}.Release|Any CPU.ActiveCfg = Release|Any CPU
		{2A20F678-6BC0-4301-9AB8-46C753EC91AD}.Release|Any CPU.Build.0 = Release|Any CPU
	EndGlobalSection
	GlobalSection(SolutionProperties) = preSolution
		HideSolutionNode = FALSE
	EndGlobalSection
	GlobalSection(ExtensibilityGlobals) = postSolution
		SolutionGuid = {CD17E2C2-2319-4814-90BE-EC1D9F84FB13}
	EndGlobalSection
EndGlobal
