
Microsoft Visual Studio Solution File, Format Version 12.00
# Visual Studio Version 17
VisualStudioVersion = 17.2.32519.379
MinimumVisualStudioVersion = 10.0.40219.1
Project("{9A19103F-16F7-4668-BE54-9A1E7A4F7556}") = "ReverseAStack", "ReverseAStack\ReverseAStack.csproj", "{ED20C5D6-ADB9-41AA-B103-A2191F8CF841}"
EndProject
Project("{9A19103F-16F7-4668-BE54-9A1E7A4F7556}") = "RecursiveImplementationAtoi", "RecursiveImplementationAtoi\RecursiveImplementationAtoi.csproj", "{66E73EE1-6506-4D8A-90C7-45C6CB691A1C}"
EndProject
Project("{9A19103F-16F7-4668-BE54-9A1E7A4F7556}") = "AllPossibleStrings", "AllPossibleStrings\AllPossibleStrings.csproj", "{0E590F44-6665-407E-BBDD-DCE6D1BC57E0}"
EndProject
Project("{9A19103F-16F7-4668-BE54-9A1E7A4F7556}") = "MaximumChocolate", "MaximumChocolate\MaximumChocolate.csproj", "{7D04BC95-C4CF-47CD-9FDA-79A6577691FD}"
EndProject
Project("{9A19103F-16F7-4668-BE54-9A1E7A4F7556}") = "RecamansSequence", "RecamansSequence\RecamansSequence.csproj", "{4B9DAFB4-6CB2-4609-9796-7B077D218121}"
EndProject
Project("{9A19103F-16F7-4668-BE54-9A1E7A4F7556}") = "TowerOfHanoi", "TowerOfHanoi\TowerOfHanoi.csproj", "{9B171A03-FBBE-4576-84F2-D830E24D1FCD}"
EndProject
Project("{9A19103F-16F7-4668-BE54-9A1E7A4F7556}") = "KnightsTour", "KnightsTour\KnightsTour.csproj", "{B973C7F3-82F5-496B-A7B3-7FB7EA42387D}"
EndProject
Project("{9A19103F-16F7-4668-BE54-9A1E7A4F7556}") = "RecursiveSum", "RecursiveSum\RecursiveSum.csproj", "{00DCD6A8-A9CB-4890-93B5-517749B5A7E4}"
EndProject
Global
	GlobalSection(SolutionConfigurationPlatforms) = preSolution
		Debug|Any CPU = Debug|Any CPU
		Release|Any CPU = Release|Any CPU
	EndGlobalSection
	GlobalSection(ProjectConfigurationPlatforms) = postSolution
		{ED20C5D6-ADB9-41AA-B103-A2191F8CF841}.Debug|Any CPU.ActiveCfg = Debug|Any CPU
		{ED20C5D6-ADB9-41AA-B103-A2191F8CF841}.Debug|Any CPU.Build.0 = Debug|Any CPU
		{ED20C5D6-ADB9-41AA-B103-A2191F8CF841}.Release|Any CPU.ActiveCfg = Release|Any CPU
		{ED20C5D6-ADB9-41AA-B103-A2191F8CF841}.Release|Any CPU.Build.0 = Release|Any CPU
		{66E73EE1-6506-4D8A-90C7-45C6CB691A1C}.Debug|Any CPU.ActiveCfg = Debug|Any CPU
		{66E73EE1-6506-4D8A-90C7-45C6CB691A1C}.Debug|Any CPU.Build.0 = Debug|Any CPU
		{66E73EE1-6506-4D8A-90C7-45C6CB691A1C}.Release|Any CPU.ActiveCfg = Release|Any CPU
		{66E73EE1-6506-4D8A-90C7-45C6CB691A1C}.Release|Any CPU.Build.0 = Release|Any CPU
		{0E590F44-6665-407E-BBDD-DCE6D1BC57E0}.Debug|Any CPU.ActiveCfg = Debug|Any CPU
		{0E590F44-6665-407E-BBDD-DCE6D1BC57E0}.Debug|Any CPU.Build.0 = Debug|Any CPU
		{0E590F44-6665-407E-BBDD-DCE6D1BC57E0}.Release|Any CPU.ActiveCfg = Release|Any CPU
		{0E590F44-6665-407E-BBDD-DCE6D1BC57E0}.Release|Any CPU.Build.0 = Release|Any CPU
		{7D04BC95-C4CF-47CD-9FDA-79A6577691FD}.Debug|Any CPU.ActiveCfg = Debug|Any CPU
		{7D04BC95-C4CF-47CD-9FDA-79A6577691FD}.Debug|Any CPU.Build.0 = Debug|Any CPU
		{7D04BC95-C4CF-47CD-9FDA-79A6577691FD}.Release|Any CPU.ActiveCfg = Release|Any CPU
		{7D04BC95-C4CF-47CD-9FDA-79A6577691FD}.Release|Any CPU.Build.0 = Release|Any CPU
		{4B9DAFB4-6CB2-4609-9796-7B077D218121}.Debug|Any CPU.ActiveCfg = Debug|Any CPU
		{4B9DAFB4-6CB2-4609-9796-7B077D218121}.Debug|Any CPU.Build.0 = Debug|Any CPU
		{4B9DAFB4-6CB2-4609-9796-7B077D218121}.Release|Any CPU.ActiveCfg = Release|Any CPU
		{4B9DAFB4-6CB2-4609-9796-7B077D218121}.Release|Any CPU.Build.0 = Release|Any CPU
		{9B171A03-FBBE-4576-84F2-D830E24D1FCD}.Debug|Any CPU.ActiveCfg = Debug|Any CPU
		{9B171A03-FBBE-4576-84F2-D830E24D1FCD}.Debug|Any CPU.Build.0 = Debug|Any CPU
		{9B171A03-FBBE-4576-84F2-D830E24D1FCD}.Release|Any CPU.ActiveCfg = Release|Any CPU
		{9B171A03-FBBE-4576-84F2-D830E24D1FCD}.Release|Any CPU.Build.0 = Release|Any CPU
		{B973C7F3-82F5-496B-A7B3-7FB7EA42387D}.Debug|Any CPU.ActiveCfg = Debug|Any CPU
		{B973C7F3-82F5-496B-A7B3-7FB7EA42387D}.Debug|Any CPU.Build.0 = Debug|Any CPU
		{B973C7F3-82F5-496B-A7B3-7FB7EA42387D}.Release|Any CPU.ActiveCfg = Release|Any CPU
		{B973C7F3-82F5-496B-A7B3-7FB7EA42387D}.Release|Any CPU.Build.0 = Release|Any CPU
		{00DCD6A8-A9CB-4890-93B5-517749B5A7E4}.Debug|Any CPU.ActiveCfg = Debug|Any CPU
		{00DCD6A8-A9CB-4890-93B5-517749B5A7E4}.Debug|Any CPU.Build.0 = Debug|Any CPU
		{00DCD6A8-A9CB-4890-93B5-517749B5A7E4}.Release|Any CPU.ActiveCfg = Release|Any CPU
		{00DCD6A8-A9CB-4890-93B5-517749B5A7E4}.Release|Any CPU.Build.0 = Release|Any CPU
	EndGlobalSection
	GlobalSection(SolutionProperties) = preSolution
		HideSolutionNode = FALSE
	EndGlobalSection
	GlobalSection(ExtensibilityGlobals) = postSolution
		SolutionGuid = {81E1A7E5-19C2-4C8F-A263-02F439736216}
	EndGlobalSection
EndGlobal
